// !$*UTF8*$!
{
	archiveVersion = 1;
	classes = {
	};
	objectVersion = 46;
	objects = {

/* Begin PBXBuildFile section */
		EF023C621D211BF7009A2E57 /* AddViewController.m in Sources */ = {isa = PBXBuildFile; fileRef = EF023C611D211BF7009A2E57 /* AddViewController.m */; };
		EF023C651D211C53009A2E57 /* PersonalInfo.m in Sources */ = {isa = PBXBuildFile; fileRef = EF023C641D211C53009A2E57 /* PersonalInfo.m */; };
		EF44FBA71D237B690085DDF5 /* CustomTableViewCell.m in Sources */ = {isa = PBXBuildFile; fileRef = EF44FBA61D237B690085DDF5 /* CustomTableViewCell.m */; };
		EF44FBA81D239FBC0085DDF5 /* ViewController.m in Sources */ = {isa = PBXBuildFile; fileRef = EF4CCC9B1D1A71620032B2D5 /* ViewController.m */; };
		EF44FC041D24EC9B0085DDF5 /* DetailsPropertyList.plist in Resources */ = {isa = PBXBuildFile; fileRef = EF44FC031D24EC9B0085DDF5 /* DetailsPropertyList.plist */; };
		EF44FC071D261FF40085DDF5 /* DetailViewController.m in Sources */ = {isa = PBXBuildFile; fileRef = EF44FC061D261FF40085DDF5 /* DetailViewController.m */; };
		EF4CCC961D1A71620032B2D5 /* main.m in Sources */ = {isa = PBXBuildFile; fileRef = EF4CCC951D1A71620032B2D5 /* main.m */; };
		EF4CCC991D1A71620032B2D5 /* AppDelegate.m in Sources */ = {isa = PBXBuildFile; fileRef = EF4CCC981D1A71620032B2D5 /* AppDelegate.m */; };
		EF4CCC9F1D1A71620032B2D5 /* Main.storyboard in Resources */ = {isa = PBXBuildFile; fileRef = EF4CCC9D1D1A71620032B2D5 /* Main.storyboard */; };
		EF4CCCA21D1A71620032B2D5 /* MyFirstApp.xcdatamodeld in Sources */ = {isa = PBXBuildFile; fileRef = EF4CCCA01D1A71620032B2D5 /* MyFirstApp.xcdatamodeld */; };
		EF4CCCA41D1A71620032B2D5 /* Assets.xcassets in Resources */ = {isa = PBXBuildFile; fileRef = EF4CCCA31D1A71620032B2D5 /* Assets.xcassets */; };
		EF4CCCA71D1A71620032B2D5 /* LaunchScreen.storyboard in Resources */ = {isa = PBXBuildFile; fileRef = EF4CCCA51D1A71620032B2D5 /* LaunchScreen.storyboard */; };
		EF605CBF1D222B86008521B3 /* LogInViewController.m in Sources */ = {isa = PBXBuildFile; fileRef = EF605CBE1D222B86008521B3 /* LogInViewController.m */; };
		EF626F2D1D2B75CD005D79D2 /* map icon ios.png in Resources */ = {isa = PBXBuildFile; fileRef = EF626F2C1D2B75CD005D79D2 /* map icon ios.png */; };
		EF626F301D2B7ADC005D79D2 /* MapViewController.m in Sources */ = {isa = PBXBuildFile; fileRef = EF626F2F1D2B7ADC005D79D2 /* MapViewController.m */; };
		EFFCC0511D2A670400E16129 /* download (1).jpeg in Resources */ = {isa = PBXBuildFile; fileRef = EFFCC0501D2A670400E16129 /* download (1).jpeg */; };
		EFFCC0531D2A67BE00E16129 /* call ios icon.jpeg in Resources */ = {isa = PBXBuildFile; fileRef = EFFCC0521D2A67BE00E16129 /* call ios icon.jpeg */; };
		EFFCC0551D2A67C700E16129 /* message icon ios.jpeg in Resources */ = {isa = PBXBuildFile; fileRef = EFFCC0541D2A67C700E16129 /* message icon ios.jpeg */; };
		EFFCC0581D2A824B00E16129 /* WebPageViewController.m in Sources */ = {isa = PBXBuildFile; fileRef = EFFCC0571D2A824B00E16129 /* WebPageViewController.m */; };
		EFFCC05A1D2A849800E16129 /* internet icon ios.jpeg in Resources */ = {isa = PBXBuildFile; fileRef = EFFCC0591D2A849800E16129 /* internet icon ios.jpeg */; };
/* End PBXBuildFile section */

/* Begin PBXFileReference section */
		EF023C601D211BF7009A2E57 /* AddViewController.h */ = {isa = PBXFileReference; fileEncoding = 4; lastKnownFileType = sourcecode.c.h; path = AddViewController.h; sourceTree = "<group>"; };
		EF023C611D211BF7009A2E57 /* AddViewController.m */ = {isa = PBXFileReference; fileEncoding = 4; lastKnownFileType = sourcecode.c.objc; path = AddViewController.m; sourceTree = "<group>"; };
		EF023C631D211C53009A2E57 /* PersonalInfo.h */ = {isa = PBXFileReference; fileEncoding = 4; lastKnownFileType = sourcecode.c.h; path = PersonalInfo.h; sourceTree = "<group>"; };
		EF023C641D211C53009A2E57 /* PersonalInfo.m */ = {isa = PBXFileReference; fileEncoding = 4; lastKnownFileType = sourcecode.c.objc; path = PersonalInfo.m; sourceTree = "<group>"; };
		EF44FBA51D237B690085DDF5 /* CustomTableViewCell.h */ = {isa = PBXFileReference; fileEncoding = 4; lastKnownFileType = sourcecode.c.h; path = CustomTableViewCell.h; sourceTree = "<group>"; };
		EF44FBA61D237B690085DDF5 /* CustomTableViewCell.m */ = {isa = PBXFileReference; fileEncoding = 4; lastKnownFileType = sourcecode.c.objc; path = CustomTableViewCell.m; sourceTree = "<group>"; };
		EF44FC031D24EC9B0085DDF5 /* DetailsPropertyList.plist */ = {isa = PBXFileReference; fileEncoding = 4; lastKnownFileType = text.plist.xml; path = DetailsPropertyList.plist; sourceTree = "<group>"; };
		EF44FC051D261FF40085DDF5 /* DetailViewController.h */ = {isa = PBXFileReference; fileEncoding = 4; lastKnownFileType = sourcecode.c.h; path = DetailViewController.h; sourceTree = "<group>"; };
		EF44FC061D261FF40085DDF5 /* DetailViewController.m */ = {isa = PBXFileReference; fileEncoding = 4; lastKnownFileType = sourcecode.c.objc; path = DetailViewController.m; sourceTree = "<group>"; };
		EF4CCC911D1A71620032B2D5 /* MyFirstApp.app */ = {isa = PBXFileReference; explicitFileType = wrapper.application; includeInIndex = 0; path = MyFirstApp.app; sourceTree = BUILT_PRODUCTS_DIR; };
		EF4CCC951D1A71620032B2D5 /* main.m */ = {isa = PBXFileReference; lastKnownFileType = sourcecode.c.objc; path = main.m; sourceTree = "<group>"; };
		EF4CCC971D1A71620032B2D5 /* AppDelegate.h */ = {isa = PBXFileReference; lastKnownFileType = sourcecode.c.h; path = AppDelegate.h; sourceTree = "<group>"; };
		EF4CCC981D1A71620032B2D5 /* AppDelegate.m */ = {isa = PBXFileReference; lastKnownFileType = sourcecode.c.objc; path = AppDelegate.m; sourceTree = "<group>"; };
		EF4CCC9A1D1A71620032B2D5 /* ViewController.h */ = {isa = PBXFileReference; lastKnownFileType = sourcecode.c.h; path = ViewController.h; sourceTree = "<group>"; };
		EF4CCC9B1D1A71620032B2D5 /* ViewController.m */ = {isa = PBXFileReference; lastKnownFileType = sourcecode.c.objc; path = ViewController.m; sourceTree = "<group>"; };
		EF4CCC9E1D1A71620032B2D5 /* Base */ = {isa = PBXFileReference; lastKnownFileType = file.storyboard; name = Base; path = Base.lproj/Main.storyboard; sourceTree = "<group>"; };
		EF4CCCA11D1A71620032B2D5 /* MyFirstApp.xcdatamodel */ = {isa = PBXFileReference; lastKnownFileType = wrapper.xcdatamodel; path = MyFirstApp.xcdatamodel; sourceTree = "<group>"; };
		EF4CCCA31D1A71620032B2D5 /* Assets.xcassets */ = {isa = PBXFileReference; lastKnownFileType = folder.assetcatalog; path = Assets.xcassets; sourceTree = "<group>"; };
		EF4CCCA61D1A71620032B2D5 /* Base */ = {isa = PBXFileReference; lastKnownFileType = file.storyboard; name = Base; path = Base.lproj/LaunchScreen.storyboard; sourceTree = "<group>"; };
		EF4CCCA81D1A71620032B2D5 /* Info.plist */ = {isa = PBXFileReference; lastKnownFileType = text.plist.xml; path = Info.plist; sourceTree = "<group>"; };
		EF605CBD1D222B86008521B3 /* LogInViewController.h */ = {isa = PBXFileReference; fileEncoding = 4; lastKnownFileType = sourcecode.c.h; path = LogInViewController.h; sourceTree = "<group>"; };
		EF605CBE1D222B86008521B3 /* LogInViewController.m */ = {isa = PBXFileReference; fileEncoding = 4; lastKnownFileType = sourcecode.c.objc; path = LogInViewController.m; sourceTree = "<group>"; };
		EF626F2C1D2B75CD005D79D2 /* map icon ios.png */ = {isa = PBXFileReference; lastKnownFileType = image.png; path = "map icon ios.png"; sourceTree = "<group>"; };
		EF626F2E1D2B7ADC005D79D2 /* MapViewController.h */ = {isa = PBXFileReference; fileEncoding = 4; lastKnownFileType = sourcecode.c.h; path = MapViewController.h; sourceTree = "<group>"; };
		EF626F2F1D2B7ADC005D79D2 /* MapViewController.m */ = {isa = PBXFileReference; fileEncoding = 4; lastKnownFileType = sourcecode.c.objc; path = MapViewController.m; sourceTree = "<group>"; };
		EFFCC0501D2A670400E16129 /* download (1).jpeg */ = {isa = PBXFileReference; lastKnownFileType = image.jpeg; path = "download (1).jpeg"; sourceTree = "<group>"; };
		EFFCC0521D2A67BE00E16129 /* call ios icon.jpeg */ = {isa = PBXFileReference; lastKnownFileType = image.jpeg; path = "call ios icon.jpeg"; sourceTree = "<group>"; };
		EFFCC0541D2A67C700E16129 /* message icon ios.jpeg */ = {isa = PBXFileReference; lastKnownFileType = image.jpeg; path = "message icon ios.jpeg"; sourceTree = "<group>"; };
		EFFCC0561D2A824B00E16129 /* WebPageViewController.h */ = {isa = PBXFileReference; fileEncoding = 4; lastKnownFileType = sourcecode.c.h; path = WebPageViewController.h; sourceTree = "<group>"; };
		EFFCC0571D2A824B00E16129 /* WebPageViewController.m */ = {isa = PBXFileReference; fileEncoding = 4; lastKnownFileType = sourcecode.c.objc; path = WebPageViewController.m; sourceTree = "<group>"; };
		EFFCC0591D2A849800E16129 /* internet icon ios.jpeg */ = {isa = PBXFileReference; lastKnownFileType = image.jpeg; path = "internet icon ios.jpeg"; sourceTree = "<group>"; };
/* End PBXFileReference section */

/* Begin PBXFrameworksBuildPhase section */
		EF4CCC8E1D1A71620032B2D5 /* Frameworks */ = {
			isa = PBXFrameworksBuildPhase;
			buildActionMask = 2147483647;
			files = (
			);
			runOnlyForDeploymentPostprocessing = 0;
		};
/* End PBXFrameworksBuildPhase section */

/* Begin PBXGroup section */
		EF4CCC881D1A71620032B2D5 = {
			isa = PBXGroup;
			children = (
				EF4CCC931D1A71620032B2D5 /* MyFirstApp */,
				EF4CCC921D1A71620032B2D5 /* Products */,
			);
			sourceTree = "<group>";
		};
		EF4CCC921D1A71620032B2D5 /* Products */ = {
			isa = PBXGroup;
			children = (
				EF4CCC911D1A71620032B2D5 /* MyFirstApp.app */,
			);
			name = Products;
			sourceTree = "<group>";
		};
		EF4CCC931D1A71620032B2D5 /* MyFirstApp */ = {
			isa = PBXGroup;
			children = (
				EFFCC0541D2A67C700E16129 /* message icon ios.jpeg */,
				EFFCC0521D2A67BE00E16129 /* call ios icon.jpeg */,
				EFFCC0501D2A670400E16129 /* download (1).jpeg */,
				EF4CCC971D1A71620032B2D5 /* AppDelegate.h */,
				EF4CCC981D1A71620032B2D5 /* AppDelegate.m */,
				EF4CCC9A1D1A71620032B2D5 /* ViewController.h */,
				EF4CCC9B1D1A71620032B2D5 /* ViewController.m */,
				EF023C601D211BF7009A2E57 /* AddViewController.h */,
				EF023C611D211BF7009A2E57 /* AddViewController.m */,
				EF44FC031D24EC9B0085DDF5 /* DetailsPropertyList.plist */,
				EF605CBD1D222B86008521B3 /* LogInViewController.h */,
				EF605CBE1D222B86008521B3 /* LogInViewController.m */,
				EF023C631D211C53009A2E57 /* PersonalInfo.h */,
				EF023C641D211C53009A2E57 /* PersonalInfo.m */,
				EF4CCC9D1D1A71620032B2D5 /* Main.storyboard */,
				EF626F2E1D2B7ADC005D79D2 /* MapViewController.h */,
				EF626F2F1D2B7ADC005D79D2 /* MapViewController.m */,
				EF626F2C1D2B75CD005D79D2 /* map icon ios.png */,
				EFFCC0591D2A849800E16129 /* internet icon ios.jpeg */,
				EFFCC0561D2A824B00E16129 /* WebPageViewController.h */,
				EFFCC0571D2A824B00E16129 /* WebPageViewController.m */,
				EF44FC051D261FF40085DDF5 /* DetailViewController.h */,
				EF44FC061D261FF40085DDF5 /* DetailViewController.m */,
				EF44FBA51D237B690085DDF5 /* CustomTableViewCell.h */,
				EF44FBA61D237B690085DDF5 /* CustomTableViewCell.m */,
				EF4CCCA31D1A71620032B2D5 /* Assets.xcassets */,
				EF4CCCA51D1A71620032B2D5 /* LaunchScreen.storyboard */,
				EF4CCCA81D1A71620032B2D5 /* Info.plist */,
				EF4CCCA01D1A71620032B2D5 /* MyFirstApp.xcdatamodeld */,
				EF4CCC941D1A71620032B2D5 /* Supporting Files */,
			);
			path = MyFirstApp;
			sourceTree = "<group>";
		};
		EF4CCC941D1A71620032B2D5 /* Supporting Files */ = {
			isa = PBXGroup;
			children = (
				EF4CCC951D1A71620032B2D5 /* main.m */,
			);
			name = "Supporting Files";
			sourceTree = "<group>";
		};
/* End PBXGroup section */

/* Begin PBXNativeTarget section */
		EF4CCC901D1A71620032B2D5 /* MyFirstApp */ = {
			isa = PBXNativeTarget;
			buildConfigurationList = EF4CCCAB1D1A71620032B2D5 /* Build configuration list for PBXNativeTarget "MyFirstApp" */;
			buildPhases = (
				EF4CCC8D1D1A71620032B2D5 /* Sources */,
				EF4CCC8E1D1A71620032B2D5 /* Frameworks */,
				EF4CCC8F1D1A71620032B2D5 /* Resources */,
			);
			buildRules = (
			);
			dependencies = (
			);
			name = MyFirstApp;
			productName = MyFirstApp;
			productReference = EF4CCC911D1A71620032B2D5 /* MyFirstApp.app */;
			productType = "com.apple.product-type.application";
		};
/* End PBXNativeTarget section */

/* Begin PBXProject section */
		EF4CCC891D1A71620032B2D5 /* Project object */ = {
			isa = PBXProject;
			attributes = {
				LastUpgradeCheck = 0730;
				ORGANIZATIONNAME = qburst;
				TargetAttributes = {
					EF4CCC901D1A71620032B2D5 = {
						CreatedOnToolsVersion = 7.3;
					};
				};
			};
			buildConfigurationList = EF4CCC8C1D1A71620032B2D5 /* Build configuration list for PBXProject "MyFirstApp" */;
			compatibilityVersion = "Xcode 3.2";
			developmentRegion = English;
			hasScannedForEncodings = 0;
			knownRegions = (
				en,
				Base,
			);
			mainGroup = EF4CCC881D1A71620032B2D5;
			productRefGroup = EF4CCC921D1A71620032B2D5 /* Products */;
			projectDirPath = "";
			projectRoot = "";
			targets = (
				EF4CCC901D1A71620032B2D5 /* MyFirstApp */,
			);
		};
/* End PBXProject section */

/* Begin PBXResourcesBuildPhase section */
		EF4CCC8F1D1A71620032B2D5 /* Resources */ = {
			isa = PBXResourcesBuildPhase;
			buildActionMask = 2147483647;
			files = (
				EFFCC0551D2A67C700E16129 /* message icon ios.jpeg in Resources */,
				EF626F2D1D2B75CD005D79D2 /* map icon ios.png in Resources */,
				EFFCC0531D2A67BE00E16129 /* call ios icon.jpeg in Resources */,
				EFFCC0511D2A670400E16129 /* download (1).jpeg in Resources */,
				EF4CCCA71D1A71620032B2D5 /* LaunchScreen.storyboard in Resources */,
				EF44FC041D24EC9B0085DDF5 /* DetailsPropertyList.plist in Resources */,
				EF4CCCA41D1A71620032B2D5 /* Assets.xcassets in Resources */,
				EF4CCC9F1D1A71620032B2D5 /* Main.storyboard in Resources */,
				EFFCC05A1D2A849800E16129 /* internet icon ios.jpeg in Resources */,
			);
			runOnlyForDeploymentPostprocessing = 0;
		};
/* End PBXResourcesBuildPhase section */

/* Begin PBXSourcesBuildPhase section */
		EF4CCC8D1D1A71620032B2D5 /* Sources */ = {
			isa = PBXSourcesBuildPhase;
			buildActionMask = 2147483647;
			files = (
				EFFCC0581D2A824B00E16129 /* WebPageViewController.m in Sources */,
				EF605CBF1D222B86008521B3 /* LogInViewController.m in Sources */,
				EF023C621D211BF7009A2E57 /* AddViewController.m in Sources */,
				EF44FC071D261FF40085DDF5 /* DetailViewController.m in Sources */,
				EF44FBA81D239FBC0085DDF5 /* ViewController.m in Sources */,
				EF44FBA71D237B690085DDF5 /* CustomTableViewCell.m in Sources */,
				EF4CCC991D1A71620032B2D5 /* AppDelegate.m in Sources */,
				EF4CCCA21D1A71620032B2D5 /* MyFirstApp.xcdatamodeld in Sources */,
				EF4CCC961D1A71620032B2D5 /* main.m in Sources */,
				EF023C651D211C53009A2E57 /* PersonalInfo.m in Sources */,
				EF626F301D2B7ADC005D79D2 /* MapViewController.m in Sources */,
			);
			runOnlyForDeploymentPostprocessing = 0;
		};
/* End PBXSourcesBuildPhase section */

/* Begin PBXVariantGroup section */
		EF4CCC9D1D1A71620032B2D5 /* Main.storyboard */ = {
			isa = PBXVariantGroup;
			children = (
				EF4CCC9E1D1A71620032B2D5 /* Base */,
			);
			name = Main.storyboard;
			sourceTree = "<group>";
		};
		EF4CCCA51D1A71620032B2D5 /* LaunchScreen.storyboard */ = {
			isa = PBXVariantGroup;
			children = (
				EF4CCCA61D1A71620032B2D5 /* Base */,
			);
			name = LaunchScreen.storyboard;
			sourceTree = "<group>";
		};
/* End PBXVariantGroup section */

/* Begin XCBuildConfiguration section */
		EF4CCCA91D1A71620032B2D5 /* Debug */ = {
			isa = XCBuildConfiguration;
			buildSettings = {
				ALWAYS_SEARCH_USER_PATHS = NO;
				CLANG_ANALYZER_NONNULL = YES;
				CLANG_CXX_LANGUAGE_STANDARD = "gnu++0x";
				CLANG_CXX_LIBRARY = "libc++";
				CLANG_ENABLE_MODULES = YES;
				CLANG_ENABLE_OBJC_ARC = YES;
				CLANG_WARN_BOOL_CONVERSION = YES;
				CLANG_WARN_CONSTANT_CONVERSION = YES;
				CLANG_WARN_DIRECT_OBJC_ISA_USAGE = YES_ERROR;
				CLANG_WARN_EMPTY_BODY = YES;
				CLANG_WARN_ENUM_CONVERSION = YES;
				CLANG_WARN_INT_CONVERSION = YES;
				CLANG_WARN_OBJC_ROOT_CLASS = YES_ERROR;
				CLANG_WARN_UNREACHABLE_CODE = YES;
				CLANG_WARN__DUPLICATE_METHOD_MATCH = YES;
				"CODE_SIGN_IDENTITY[sdk=iphoneos*]" = "iPhone Developer";
				COPY_PHASE_STRIP = NO;
				DEBUG_INFORMATION_FORMAT = dwarf;
				ENABLE_STRICT_OBJC_MSGSEND = YES;
				ENABLE_TESTABILITY = YES;
				GCC_C_LANGUAGE_STANDARD = gnu99;
				GCC_DYNAMIC_NO_PIC = NO;
				GCC_NO_COMMON_BLOCKS = YES;
				GCC_OPTIMIZATION_LEVEL = 0;
				GCC_PREPROCESSOR_DEFINITIONS = (
					"DEBUG=1",
					"$(inherited)",
				);
				GCC_WARN_64_TO_32_BIT_CONVERSION = YES;
				GCC_WARN_ABOUT_RETURN_TYPE = YES_ERROR;
				GCC_WARN_UNDECLARED_SELECTOR = YES;
				GCC_WARN_UNINITIALIZED_AUTOS = YES_AGGRESSIVE;
				GCC_WARN_UNUSED_FUNCTION = YES;
				GCC_WARN_UNUSED_VARIABLE = YES;
				IPHONEOS_DEPLOYMENT_TARGET = 9.3;
				MTL_ENABLE_DEBUG_INFO = YES;
				ONLY_ACTIVE_ARCH = YES;
				SDKROOT = iphoneos;
			};
			name = Debug;
		};
		EF4CCCAA1D1A71620032B2D5 /* Release */ = {
			isa = XCBuildConfiguration;
			buildSettings = {
				ALWAYS_SEARCH_USER_PATHS = NO;
				CLANG_ANALYZER_NONNULL = YES;
				CLANG_CXX_LANGUAGE_STANDARD = "gnu++0x";
				CLANG_CXX_LIBRARY = "libc++";
				CLANG_ENABLE_MODULES = YES;
				CLANG_ENABLE_OBJC_ARC = YES;
				CLANG_WARN_BOOL_CONVERSION = YES;
				CLANG_WARN_CONSTANT_CONVERSION = YES;
				CLANG_WARN_DIRECT_OBJC_ISA_USAGE = YES_ERROR;
				CLANG_WARN_EMPTY_BODY = YES;
				CLANG_WARN_ENUM_CONVERSION = YES;
				CLANG_WARN_INT_CONVERSION = YES;
				CLANG_WARN_OBJC_ROOT_CLASS = YES_ERROR;
				CLANG_WARN_UNREACHABLE_CODE = YES;
				CLANG_WARN__DUPLICATE_METHOD_MATCH = YES;
				"CODE_SIGN_IDENTITY[sdk=iphoneos*]" = "iPhone Developer";
				COPY_PHASE_STRIP = NO;
				DEBUG_INFORMATION_FORMAT = "dwarf-with-dsym";
				ENABLE_NS_ASSERTIONS = NO;
				ENABLE_STRICT_OBJC_MSGSEND = YES;
				GCC_C_LANGUAGE_STANDARD = gnu99;
				GCC_NO_COMMON_BLOCKS = YES;
				GCC_WARN_64_TO_32_BIT_CONVERSION = YES;
				GCC_WARN_ABOUT_RETURN_TYPE = YES_ERROR;
				GCC_WARN_UNDECLARED_SELECTOR = YES;
				GCC_WARN_UNINITIALIZED_AUTOS = YES_AGGRESSIVE;
				GCC_WARN_UNUSED_FUNCTION = YES;
				GCC_WARN_UNUSED_VARIABLE = YES;
				IPHONEOS_DEPLOYMENT_TARGET = 9.3;
				MTL_ENABLE_DEBUG_INFO = NO;
				SDKROOT = iphoneos;
				VALIDATE_PRODUCT = YES;
			};
			name = Release;
		};
		EF4CCCAC1D1A71620032B2D5 /* Debug */ = {
			isa = XCBuildConfiguration;
			buildSettings = {
				ASSETCATALOG_COMPILER_APPICON_NAME = AppIcon;
				INFOPLIST_FILE = MyFirstApp/Info.plist;
				LD_RUNPATH_SEARCH_PATHS = "$(inherited) @executable_path/Frameworks";
				PRODUCT_BUNDLE_IDENTIFIER = com.qburst2.MyFirstApp;
				PRODUCT_NAME = "$(TARGET_NAME)";
			};
			name = Debug;
		};
		EF4CCCAD1D1A71620032B2D5 /* Release */ = {
			isa = XCBuildConfiguration;
			buildSettings = {
				ASSETCATALOG_COMPILER_APPICON_NAME = AppIcon;
				INFOPLIST_FILE = MyFirstApp/Info.plist;
				LD_RUNPATH_SEARCH_PATHS = "$(inherited) @executable_path/Frameworks";
				PRODUCT_BUNDLE_IDENTIFIER = com.qburst2.MyFirstApp;
				PRODUCT_NAME = "$(TARGET_NAME)";
			};
			name = Release;
		};
/* End XCBuildConfiguration section */

/* Begin XCConfigurationList section */
		EF4CCC8C1D1A71620032B2D5 /* Build configuration list for PBXProject "MyFirstApp" */ = {
			isa = XCConfigurationList;
			buildConfigurations = (
				EF4CCCA91D1A71620032B2D5 /* Debug */,
				EF4CCCAA1D1A71620032B2D5 /* Release */,
			);
			defaultConfigurationIsVisible = 0;
			defaultConfigurationName = Release;
		};
		EF4CCCAB1D1A71620032B2D5 /* Build configuration list for PBXNativeTarget "MyFirstApp" */ = {
			isa = XCConfigurationList;
			buildConfigurations = (
				EF4CCCAC1D1A71620032B2D5 /* Debug */,
				EF4CCCAD1D1A71620032B2D5 /* Release */,
			);
			defaultConfigurationIsVisible = 0;
			defaultConfigurationName = Release;
		};
/* End XCConfigurationList section */

/* Begin XCVersionGroup section */
		EF4CCCA01D1A71620032B2D5 /* MyFirstApp.xcdatamodeld */ = {
			isa = XCVersionGroup;
			children = (
				EF4CCCA11D1A71620032B2D5 /* MyFirstApp.xcdatamodel */,
			);
			currentVersion = EF4CCCA11D1A71620032B2D5 /* MyFirstApp.xcdatamodel */;
			path = MyFirstApp.xcdatamodeld;
			sourceTree = "<group>";
			versionGroupType = wrapper.xcdatamodel;
		};
/* End XCVersionGroup section */
	};
	rootObject = EF4CCC891D1A71620032B2D5 /* Project object */;
}
